
Microsoft Visual Studio Solution File, Format Version 12.00
# Visual Studio Version 17
VisualStudioVersion = 17.4.33205.214
MinimumVisualStudioVersion = 10.0.40219.1
Project("{FAE04EC0-301F-11D3-BF4B-00C04F79EFBC}") = "ManagePersonal_server", "ManagePersonal_server\ManagePersonal_server.csproj", "{7208EA05-2E32-4FCC-B1CF-E3817D5D280D}"
EndProject
Global
	GlobalSection(SolutionConfigurationPlatforms) = preSolution
		Debug|Any CPU = Debug|Any CPU
		Release|Any CPU = Release|Any CPU
	EndGlobalSection
	GlobalSection(ProjectConfigurationPlatforms) = postSolution
		{7208EA05-2E32-4FCC-B1CF-E3817D5D280D}.Debug|Any CPU.ActiveCfg = Debug|Any CPU
		{7208EA05-2E32-4FCC-B1CF-E3817D5D280D}.Debug|Any CPU.Build.0 = Debug|Any CPU
		{7208EA05-2E32-4FCC-B1CF-E3817D5D280D}.Release|Any CPU.ActiveCfg = Release|Any CPU
		{7208EA05-2E32-4FCC-B1CF-E3817D5D280D}.Release|Any CPU.Build.0 = Release|Any CPU
	EndGlobalSection
	GlobalSection(SolutionProperties) = preSolution
		HideSolutionNode = FALSE
	EndGlobalSection
	GlobalSection(ExtensibilityGlobals) = postSolution
		SolutionGuid = {B89D2C99-E2D3-40F0-A282-27FC28860E0A}
	EndGlobalSection
EndGlobal
